# THIS IS AN AUTOGENERATED FILE. DO NOT EDIT THIS FILE DIRECTLY.
# yarn lockfile v1


"@assemblyscript/loader@^0.17.1":
  version "0.17.1"
  resolved "https://registry.yarnpkg.com/@assemblyscript/loader/-/loader-0.17.1.tgz#a460b96e3c69e81a40db0662e630e0ca75b5bbae"
  integrity sha512-zPgW/I+gRxmHKgS+0MdLpAvej1NHk2exi1mU8RLFllvkSOqwZvhx6TfzrU6tOIbd6Pe1kH9ijnUVAhFGLLvnMg==

"@minenode/wasm-java-random@^0.0.3":
  version "0.0.3"
  resolved "https://registry.yarnpkg.com/@minenode/wasm-java-random/-/wasm-java-random-0.0.3.tgz#da1a9894f024772cf2bf8508d738a3dee3eee3b2"
  integrity sha512-5rOrHcz8OFai5gEetThdzGQQmCdASmhdSmB65ohojEl1IfY6f2NdxIQGH7DgFLZR5L5MBB96SYe8GWemxKQhBA==
  dependencies:
    "@assemblyscript/loader" "^0.17.1"
    assemblyscript "^0.17.1"

"@types/node@^14.14.6":
  version "14.14.6"
  resolved "https://registry.yarnpkg.com/@types/node/-/node-14.14.6.tgz#146d3da57b3c636cc0d1769396ce1cfa8991147f"
  integrity sha512-6QlRuqsQ/Ox/aJEQWBEJG7A9+u7oSYl3mem/K8IzxXG/kAGbV1YPD9Bg9Zw3vyxC/YP+zONKwy8hGkSt1jxFMw==

assemblyscript@^0.17.1:
  version "0.17.1"
  resolved "https://registry.yarnpkg.com/assemblyscript/-/assemblyscript-0.17.1.tgz#0eb10389846ff592d3893c816d5460d735392473"
  integrity sha512-0cBGno+GYlY871s82WXhA5peRJxktGchJ7mdBDhf7mwoe4bPNuBrYYl2jRcXs8nQA/eQHNUiCJQ5dL61zQMXjw==
  dependencies:
    binaryen "98.0.0-nightly.20201027"
    long "^4.0.0"

binaryen@98.0.0-nightly.20201027:
  version "98.0.0-nightly.20201027"
  resolved "https://registry.yarnpkg.com/binaryen/-/binaryen-98.0.0-nightly.20201027.tgz#51ac7b46ee8a4cec9564b3699eadfba83e8b65fe"
  integrity sha512-00/IHlumty/5XzJsdaMudayXofJiDb3Ytqqdn7OJBM0L9SuVg0o0xu4l93NVf+hO6jkgXNE1t+LdB0gOdeLdjA==

long@^4.0.0:
  version "4.0.0"
  resolved "https://registry.yarnpkg.com/long/-/long-4.0.0.tgz#9a7b71cfb7d361a194ea555241c92f7468d5bf28"
  integrity sha512-XsP+KhQif4bjX1kbuSiySJFNAehNxgLb6hPRGJ9QsUr8ajHkuXGdrHmFUTUUXhDwVX2R5bY4JNZEwbUiMhV+MA==

typescript@^4.0.5:
  version "4.0.5"
  resolved "https://registry.yarnpkg.com/typescript/-/typescript-4.0.5.tgz#ae9dddfd1069f1cb5beb3ef3b2170dd7c1332389"
  integrity sha512-ywmr/VrTVCmNTJ6iV2LwIrfG1P+lv6luD8sUJs+2eI9NLGigaN+nUQc13iHqisq7bra9lnmUSYqbJvegraBOPQ==
